
Microsoft Visual Studio Solution File, Format Version 12.00
# Visual Studio Version 16
VisualStudioVersion = 16.0.28315.86
MinimumVisualStudioVersion = 10.0.40219.1
Project("{2150E333-8FDC-42A3-9474-1A3956D46DE8}") = "Engine", "Engine", "{FB4DAD6F-2C3A-4C9C-AE5A-D5CE3FE77E4D}"
EndProject
Project("{2150E333-8FDC-42A3-9474-1A3956D46DE8}") = "Games", "Games", "{D143C5D4-3160-4940-824C-689522D476C8}"
EndProject
Project("{8BC9CEB8-8B4A-11D0-8D11-00A0C91BC942}") = "UE4", "Intermediate\ProjectFiles\UE4.vcxproj", "{C975CEDF-A2D1-4E34-8C17-300DDA91C682}"
EndProject
Project("{8BC9CEB8-8B4A-11D0-8D11-00A0C91BC942}") = "ShieldMan", "Intermediate\ProjectFiles\ShieldMan.vcxproj", "{7B8CEB44-BDB3-4847-9410-FCDF89ACE141}"
EndProject
Project("{2150E333-8FDC-42A3-9474-1A3956D46DE8}") = "Visualizers", "Visualizers", "{BEB6FEBF-C1FD-477A-B45C-6E6783852DF9}"
	ProjectSection(SolutionItems) = preProject
		..\..\..\..\..\Program Files\Epic Games\UE_4.23\Engine\Extras\VisualStudioDebugging\UE4.natvis = ..\..\..\..\..\Program Files\Epic Games\UE_4.23\Engine\Extras\VisualStudioDebugging\UE4.natvis
	EndProjectSection
EndProject
Global
	GlobalSection(SolutionConfigurationPlatforms) = preSolution
		DebugGame Editor|HTML5 = DebugGame Editor|HTML5
		DebugGame Editor|Win32 = DebugGame Editor|Win32
		DebugGame Editor|Win64 = DebugGame Editor|Win64
		DebugGame|HTML5 = DebugGame|HTML5
		DebugGame|Win32 = DebugGame|Win32
		DebugGame|Win64 = DebugGame|Win64
		Development Editor|HTML5 = Development Editor|HTML5
		Development Editor|Win32 = Development Editor|Win32
		Development Editor|Win64 = Development Editor|Win64
		Development|HTML5 = Development|HTML5
		Development|Win32 = Development|Win32
		Development|Win64 = Development|Win64
		Shipping|HTML5 = Shipping|HTML5
		Shipping|Win32 = Shipping|Win32
		Shipping|Win64 = Shipping|Win64
	EndGlobalSection
	GlobalSection(ProjectConfigurationPlatforms) = postSolution
		{C975CEDF-A2D1-4E34-8C17-300DDA91C682}.DebugGame Editor|HTML5.ActiveCfg = BuiltWithUnrealBuildTool|Win32
		{C975CEDF-A2D1-4E34-8C17-300DDA91C682}.DebugGame Editor|Win32.ActiveCfg = BuiltWithUnrealBuildTool|Win32
		{C975CEDF-A2D1-4E34-8C17-300DDA91C682}.DebugGame Editor|Win64.ActiveCfg = BuiltWithUnrealBuildTool|Win32
		{C975CEDF-A2D1-4E34-8C17-300DDA91C682}.DebugGame|HTML5.ActiveCfg = BuiltWithUnrealBuildTool|Win32
		{C975CEDF-A2D1-4E34-8C17-300DDA91C682}.DebugGame|Win32.ActiveCfg = BuiltWithUnrealBuildTool|Win32
		{C975CEDF-A2D1-4E34-8C17-300DDA91C682}.DebugGame|Win64.ActiveCfg = BuiltWithUnrealBuildTool|Win32
		{C975CEDF-A2D1-4E34-8C17-300DDA91C682}.Development Editor|HTML5.ActiveCfg = BuiltWithUnrealBuildTool|Win32
		{C975CEDF-A2D1-4E34-8C17-300DDA91C682}.Development Editor|Win32.ActiveCfg = BuiltWithUnrealBuildTool|Win32
		{C975CEDF-A2D1-4E34-8C17-300DDA91C682}.Development Editor|Win64.ActiveCfg = BuiltWithUnrealBuildTool|Win32
		{C975CEDF-A2D1-4E34-8C17-300DDA91C682}.Development|HTML5.ActiveCfg = BuiltWithUnrealBuildTool|Win32
		{C975CEDF-A2D1-4E34-8C17-300DDA91C682}.Development|Win32.ActiveCfg = BuiltWithUnrealBuildTool|Win32
		{C975CEDF-A2D1-4E34-8C17-300DDA91C682}.Development|Win64.ActiveCfg = BuiltWithUnrealBuildTool|Win32
		{C975CEDF-A2D1-4E34-8C17-300DDA91C682}.Shipping|HTML5.ActiveCfg = BuiltWithUnrealBuildTool|Win32
		{C975CEDF-A2D1-4E34-8C17-300DDA91C682}.Shipping|Win32.ActiveCfg = BuiltWithUnrealBuildTool|Win32
		{C975CEDF-A2D1-4E34-8C17-300DDA91C682}.Shipping|Win64.ActiveCfg = BuiltWithUnrealBuildTool|Win32
		{7B8CEB44-BDB3-4847-9410-FCDF89ACE141}.DebugGame Editor|HTML5.ActiveCfg = Invalid|Win32
		{7B8CEB44-BDB3-4847-9410-FCDF89ACE141}.DebugGame Editor|Win32.ActiveCfg = Invalid|Win32
		{7B8CEB44-BDB3-4847-9410-FCDF89ACE141}.DebugGame Editor|Win64.ActiveCfg = DebugGame_Editor|x64
		{7B8CEB44-BDB3-4847-9410-FCDF89ACE141}.DebugGame Editor|Win64.Build.0 = DebugGame_Editor|x64
		{7B8CEB44-BDB3-4847-9410-FCDF89ACE141}.DebugGame|HTML5.ActiveCfg = HTML5_DebugGame|Win32
		{7B8CEB44-BDB3-4847-9410-FCDF89ACE141}.DebugGame|HTML5.Build.0 = HTML5_DebugGame|Win32
		{7B8CEB44-BDB3-4847-9410-FCDF89ACE141}.DebugGame|Win32.ActiveCfg = DebugGame|Win32
		{7B8CEB44-BDB3-4847-9410-FCDF89ACE141}.DebugGame|Win32.Build.0 = DebugGame|Win32
		{7B8CEB44-BDB3-4847-9410-FCDF89ACE141}.DebugGame|Win64.ActiveCfg = DebugGame|x64
		{7B8CEB44-BDB3-4847-9410-FCDF89ACE141}.DebugGame|Win64.Build.0 = DebugGame|x64
		{7B8CEB44-BDB3-4847-9410-FCDF89ACE141}.Development Editor|HTML5.ActiveCfg = Invalid|Win32
		{7B8CEB44-BDB3-4847-9410-FCDF89ACE141}.Development Editor|Win32.ActiveCfg = Invalid|Win32
		{7B8CEB44-BDB3-4847-9410-FCDF89ACE141}.Development Editor|Win64.ActiveCfg = Development_Editor|x64
		{7B8CEB44-BDB3-4847-9410-FCDF89ACE141}.Development Editor|Win64.Build.0 = Development_Editor|x64
		{7B8CEB44-BDB3-4847-9410-FCDF89ACE141}.Development|HTML5.ActiveCfg = HTML5_Development|Win32
		{7B8CEB44-BDB3-4847-9410-FCDF89ACE141}.Development|HTML5.Build.0 = HTML5_Development|Win32
		{7B8CEB44-BDB3-4847-9410-FCDF89ACE141}.Development|Win32.ActiveCfg = Development|Win32
		{7B8CEB44-BDB3-4847-9410-FCDF89ACE141}.Development|Win32.Build.0 = Development|Win32
		{7B8CEB44-BDB3-4847-9410-FCDF89ACE141}.Development|Win64.ActiveCfg = Development|x64
		{7B8CEB44-BDB3-4847-9410-FCDF89ACE141}.Development|Win64.Build.0 = Development|x64
		{7B8CEB44-BDB3-4847-9410-FCDF89ACE141}.Shipping|HTML5.ActiveCfg = HTML5_Shipping|Win32
		{7B8CEB44-BDB3-4847-9410-FCDF89ACE141}.Shipping|HTML5.Build.0 = HTML5_Shipping|Win32
		{7B8CEB44-BDB3-4847-9410-FCDF89ACE141}.Shipping|Win32.ActiveCfg = Shipping|Win32
		{7B8CEB44-BDB3-4847-9410-FCDF89ACE141}.Shipping|Win32.Build.0 = Shipping|Win32
		{7B8CEB44-BDB3-4847-9410-FCDF89ACE141}.Shipping|Win64.ActiveCfg = Shipping|x64
		{7B8CEB44-BDB3-4847-9410-FCDF89ACE141}.Shipping|Win64.Build.0 = Shipping|x64
	EndGlobalSection
	GlobalSection(SolutionProperties) = preSolution
		HideSolutionNode = FALSE
	EndGlobalSection
	GlobalSection(NestedProjects) = preSolution
		{C975CEDF-A2D1-4E34-8C17-300DDA91C682} = {FB4DAD6F-2C3A-4C9C-AE5A-D5CE3FE77E4D}
		{7B8CEB44-BDB3-4847-9410-FCDF89ACE141} = {D143C5D4-3160-4940-824C-689522D476C8}
	EndGlobalSection
EndGlobal
